
Microsoft Visual Studio Solution File, Format Version 12.00
# Visual Studio 15
VisualStudioVersion = 15.0.26228.4
MinimumVisualStudioVersion = 10.0.40219.1
Project("{FAE04EC0-301F-11D3-BF4B-00C04F79EFBC}") = "ProjectManagerSPA", "ProjectManagerSPA\ProjectManagerSPA.csproj", "{34989A49-A97C-4E32-9069-4027073B7F3F}"
EndProject
Project("{FAE04EC0-301F-11D3-BF4B-00C04F79EFBC}") = "ProjectManagerSPA.Tests", "ProjectManagerSPA.Tests\ProjectManagerSPA.Tests.csproj", "{854283D4-FE8B-4D7A-836B-346C83DEA4F0}"
EndProject
Project("{FAE04EC0-301F-11D3-BF4B-00C04F79EFBC}") = "ProjectManagerSPA.PerformanceTesting", "ProjectManagerSPA.PerformanceTesting\ProjectManagerSPA.PerformanceTesting.csproj", "{4D3E33F2-1CAA-4E9C-B8F1-DB8A7BFB1EDD}"
EndProject
Global
	GlobalSection(SolutionConfigurationPlatforms) = preSolution
		Debug|Any CPU = Debug|Any CPU
		Debug|ARM = Debug|ARM
		Debug|x64 = Debug|x64
		Debug|x86 = Debug|x86
		Release|Any CPU = Release|Any CPU
		Release|ARM = Release|ARM
		Release|x64 = Release|x64
		Release|x86 = Release|x86
	EndGlobalSection
	GlobalSection(ProjectConfigurationPlatforms) = postSolution
		{34989A49-A97C-4E32-9069-4027073B7F3F}.Debug|Any CPU.ActiveCfg = Debug|Any CPU
		{34989A49-A97C-4E32-9069-4027073B7F3F}.Debug|Any CPU.Build.0 = Debug|Any CPU
		{34989A49-A97C-4E32-9069-4027073B7F3F}.Debug|ARM.ActiveCfg = Debug|Any CPU
		{34989A49-A97C-4E32-9069-4027073B7F3F}.Debug|ARM.Build.0 = Debug|Any CPU
		{34989A49-A97C-4E32-9069-4027073B7F3F}.Debug|x64.ActiveCfg = Debug|Any CPU
		{34989A49-A97C-4E32-9069-4027073B7F3F}.Debug|x64.Build.0 = Debug|Any CPU
		{34989A49-A97C-4E32-9069-4027073B7F3F}.Debug|x86.ActiveCfg = Debug|Any CPU
		{34989A49-A97C-4E32-9069-4027073B7F3F}.Debug|x86.Build.0 = Debug|Any CPU
		{34989A49-A97C-4E32-9069-4027073B7F3F}.Release|Any CPU.ActiveCfg = Release|Any CPU
		{34989A49-A97C-4E32-9069-4027073B7F3F}.Release|Any CPU.Build.0 = Release|Any CPU
		{34989A49-A97C-4E32-9069-4027073B7F3F}.Release|ARM.ActiveCfg = Release|Any CPU
		{34989A49-A97C-4E32-9069-4027073B7F3F}.Release|ARM.Build.0 = Release|Any CPU
		{34989A49-A97C-4E32-9069-4027073B7F3F}.Release|x64.ActiveCfg = Release|Any CPU
		{34989A49-A97C-4E32-9069-4027073B7F3F}.Release|x64.Build.0 = Release|Any CPU
		{34989A49-A97C-4E32-9069-4027073B7F3F}.Release|x86.ActiveCfg = Release|Any CPU
		{34989A49-A97C-4E32-9069-4027073B7F3F}.Release|x86.Build.0 = Release|Any CPU
		{854283D4-FE8B-4D7A-836B-346C83DEA4F0}.Debug|Any CPU.ActiveCfg = Debug|Any CPU
		{854283D4-FE8B-4D7A-836B-346C83DEA4F0}.Debug|Any CPU.Build.0 = Debug|Any CPU
		{854283D4-FE8B-4D7A-836B-346C83DEA4F0}.Debug|ARM.ActiveCfg = Debug|Any CPU
		{854283D4-FE8B-4D7A-836B-346C83DEA4F0}.Debug|ARM.Build.0 = Debug|Any CPU
		{854283D4-FE8B-4D7A-836B-346C83DEA4F0}.Debug|x64.ActiveCfg = Debug|Any CPU
		{854283D4-FE8B-4D7A-836B-346C83DEA4F0}.Debug|x64.Build.0 = Debug|Any CPU
		{854283D4-FE8B-4D7A-836B-346C83DEA4F0}.Debug|x86.ActiveCfg = Debug|Any CPU
		{854283D4-FE8B-4D7A-836B-346C83DEA4F0}.Debug|x86.Build.0 = Debug|Any CPU
		{854283D4-FE8B-4D7A-836B-346C83DEA4F0}.Release|Any CPU.ActiveCfg = Release|Any CPU
		{854283D4-FE8B-4D7A-836B-346C83DEA4F0}.Release|Any CPU.Build.0 = Release|Any CPU
		{854283D4-FE8B-4D7A-836B-346C83DEA4F0}.Release|ARM.ActiveCfg = Release|Any CPU
		{854283D4-FE8B-4D7A-836B-346C83DEA4F0}.Release|ARM.Build.0 = Release|Any CPU
		{854283D4-FE8B-4D7A-836B-346C83DEA4F0}.Release|x64.ActiveCfg = Release|Any CPU
		{854283D4-FE8B-4D7A-836B-346C83DEA4F0}.Release|x64.Build.0 = Release|Any CPU
		{854283D4-FE8B-4D7A-836B-346C83DEA4F0}.Release|x86.ActiveCfg = Release|Any CPU
		{854283D4-FE8B-4D7A-836B-346C83DEA4F0}.Release|x86.Build.0 = Release|Any CPU
		{4D3E33F2-1CAA-4E9C-B8F1-DB8A7BFB1EDD}.Debug|Any CPU.ActiveCfg = Debug|Any CPU
		{4D3E33F2-1CAA-4E9C-B8F1-DB8A7BFB1EDD}.Debug|Any CPU.Build.0 = Debug|Any CPU
		{4D3E33F2-1CAA-4E9C-B8F1-DB8A7BFB1EDD}.Debug|ARM.ActiveCfg = Debug|Any CPU
		{4D3E33F2-1CAA-4E9C-B8F1-DB8A7BFB1EDD}.Debug|ARM.Build.0 = Debug|Any CPU
		{4D3E33F2-1CAA-4E9C-B8F1-DB8A7BFB1EDD}.Debug|x64.ActiveCfg = Debug|Any CPU
		{4D3E33F2-1CAA-4E9C-B8F1-DB8A7BFB1EDD}.Debug|x64.Build.0 = Debug|Any CPU
		{4D3E33F2-1CAA-4E9C-B8F1-DB8A7BFB1EDD}.Debug|x86.ActiveCfg = Debug|Any CPU
		{4D3E33F2-1CAA-4E9C-B8F1-DB8A7BFB1EDD}.Debug|x86.Build.0 = Debug|Any CPU
		{4D3E33F2-1CAA-4E9C-B8F1-DB8A7BFB1EDD}.Release|Any CPU.ActiveCfg = Release|Any CPU
		{4D3E33F2-1CAA-4E9C-B8F1-DB8A7BFB1EDD}.Release|Any CPU.Build.0 = Release|Any CPU
		{4D3E33F2-1CAA-4E9C-B8F1-DB8A7BFB1EDD}.Release|ARM.ActiveCfg = Release|Any CPU
		{4D3E33F2-1CAA-4E9C-B8F1-DB8A7BFB1EDD}.Release|ARM.Build.0 = Release|Any CPU
		{4D3E33F2-1CAA-4E9C-B8F1-DB8A7BFB1EDD}.Release|x64.ActiveCfg = Release|Any CPU
		{4D3E33F2-1CAA-4E9C-B8F1-DB8A7BFB1EDD}.Release|x64.Build.0 = Release|Any CPU
		{4D3E33F2-1CAA-4E9C-B8F1-DB8A7BFB1EDD}.Release|x86.ActiveCfg = Release|Any CPU
		{4D3E33F2-1CAA-4E9C-B8F1-DB8A7BFB1EDD}.Release|x86.Build.0 = Release|Any CPU
	EndGlobalSection
	GlobalSection(SolutionProperties) = preSolution
		HideSolutionNode = FALSE
	EndGlobalSection
EndGlobal
